
Microsoft Visual Studio Solution File, Format Version 12.00
# Visual Studio Version 16
VisualStudioVersion = 16.0.31424.327
MinimumVisualStudioVersion = 10.0.40219.1
Project("{FAE04EC0-301F-11D3-BF4B-00C04F79EFBC}") = "BarberShoreWeb", "BarberShore\BarberShoreWeb.csproj", "{57B5AB02-842B-4DCD-BCDC-A38D1C0049AF}"
EndProject
Project("{FAE04EC0-301F-11D3-BF4B-00C04F79EFBC}") = "BarberShoreLogic", "BarberShoreLogic\BarberShoreLogic.csproj", "{DCDE8145-FA14-408A-8B55-4327F1882BFC}"
EndProject
Project("{FAE04EC0-301F-11D3-BF4B-00C04F79EFBC}") = "BarberEntity", "BarberEntity\BarberEntity.csproj", "{24B5A5D7-3CAF-4CFA-AB80-843FEEA210FC}"
EndProject
Global
	GlobalSection(SolutionConfigurationPlatforms) = preSolution
		Debug|Any CPU = Debug|Any CPU
		Release|Any CPU = Release|Any CPU
	EndGlobalSection
	GlobalSection(ProjectConfigurationPlatforms) = postSolution
		{57B5AB02-842B-4DCD-BCDC-A38D1C0049AF}.Debug|Any CPU.ActiveCfg = Debug|Any CPU
		{57B5AB02-842B-4DCD-BCDC-A38D1C0049AF}.Debug|Any CPU.Build.0 = Debug|Any CPU
		{57B5AB02-842B-4DCD-BCDC-A38D1C0049AF}.Release|Any CPU.ActiveCfg = Release|Any CPU
		{57B5AB02-842B-4DCD-BCDC-A38D1C0049AF}.Release|Any CPU.Build.0 = Release|Any CPU
		{DCDE8145-FA14-408A-8B55-4327F1882BFC}.Debug|Any CPU.ActiveCfg = Debug|Any CPU
		{DCDE8145-FA14-408A-8B55-4327F1882BFC}.Debug|Any CPU.Build.0 = Debug|Any CPU
		{DCDE8145-FA14-408A-8B55-4327F1882BFC}.Release|Any CPU.ActiveCfg = Release|Any CPU
		{DCDE8145-FA14-408A-8B55-4327F1882BFC}.Release|Any CPU.Build.0 = Release|Any CPU
		{24B5A5D7-3CAF-4CFA-AB80-843FEEA210FC}.Debug|Any CPU.ActiveCfg = Debug|Any CPU
		{24B5A5D7-3CAF-4CFA-AB80-843FEEA210FC}.Debug|Any CPU.Build.0 = Debug|Any CPU
		{24B5A5D7-3CAF-4CFA-AB80-843FEEA210FC}.Release|Any CPU.ActiveCfg = Release|Any CPU
		{24B5A5D7-3CAF-4CFA-AB80-843FEEA210FC}.Release|Any CPU.Build.0 = Release|Any CPU
	EndGlobalSection
	GlobalSection(SolutionProperties) = preSolution
		HideSolutionNode = FALSE
	EndGlobalSection
	GlobalSection(ExtensibilityGlobals) = postSolution
		SolutionGuid = {4CF7DDD8-F072-4547-8E95-E598385C9923}
	EndGlobalSection
EndGlobal
